{
  "name": "sdphp_skeleton",
  "lockfileVersion": 3,
  "requires": true,
  "packages": {
    "": {
      "dependencies": {
        "sdeasy": "^1.0.1"
      }
    },
    "node_modules/sdeasy": {
      "version": "1.0.1",
      "resolved": "https://registry.npmjs.org/sdeasy/-/sdeasy-1.0.1.tgz",
      "integrity": "sha512-exymIkyrpdKJPZ1RE5JtxnryPj7p6pCGjbIAbjZhsbmni5MMZcOI41OwXH6mkQz/RO+6pX7sFNecSDIcb1QC/g=="
    }
  }
}
